# THIS IS AN AUTOGENERATED FILE. DO NOT EDIT THIS FILE DIRECTLY.
# yarn lockfile v1


"@svgdotjs/svg.draggable.js@^3.0.4":
  version "3.0.4"
  resolved "https://registry.yarnpkg.com/@svgdotjs/svg.draggable.js/-/svg.draggable.js-3.0.4.tgz#505430e86b5e73b5b5abba12ac6002633897324e"
  integrity sha512-vWi/Col5Szo74HJVBgMHz23kLVljt3jvngmh0DzST45iO2ubIZ487uUAHIxSZH2tVRyiaaTL+Phaasgp4gUD2g==

"@svgdotjs/svg.filter.js@^3.0.8":
  version "3.0.8"
  resolved "https://registry.yarnpkg.com/@svgdotjs/svg.filter.js/-/svg.filter.js-3.0.8.tgz#998cb2481a871fa70d7dbaa891c886b335c562d7"
  integrity sha512-YshF2YDaeRA2StyzAs5nUPrev7npQ38oWD0eTRwnsciSL2KrRPMoUw8BzjIXItb3+dccKGTX3IQOd2NFzmHkog==
  dependencies:
    "@svgdotjs/svg.js" "^3.1.1"

"@svgdotjs/svg.js@^3.1.1", "@svgdotjs/svg.js@^3.2.4":
  version "3.2.4"
  resolved "https://registry.yarnpkg.com/@svgdotjs/svg.js/-/svg.js-3.2.4.tgz#4716be92a64c66b29921b63f7235fcfb953fb13a"
  integrity sha512-BjJ/7vWNowlX3Z8O4ywT58DqbNRyYlkk6Yz/D13aB7hGmfQTvGX4Tkgtm/ApYlu9M7lCQi15xUEidqMUmdMYwg==

"@svgdotjs/svg.resize.js@^2.0.2":
  version "2.0.4"
  resolved "https://registry.yarnpkg.com/@svgdotjs/svg.resize.js/-/svg.resize.js-2.0.4.tgz#a23b2d815d453bccb7a5c38ad547153df7cfa6db"
  integrity sha512-TRzYv0xh/eF7dOsse/asi/Bn+O8vvNRPlVUvYwTje2lKpGvT65ncXuqNWDNnhxJKlp5NcgMxfM5VMKL8c1WNTQ==

"@svgdotjs/svg.select.js@^4.0.1":
  version "4.0.1"
  resolved "https://registry.yarnpkg.com/@svgdotjs/svg.select.js/-/svg.select.js-4.0.1.tgz#cece6e3bde62b44d73d0ab4647db466a4951232b"
  integrity sha512-pDFEDN7M6gBXYcx09anniVvI1f08W9UQCVMAt3tUalyL42sbdIP5vVefX0wBY68J1zVtp+F70zIP1mhVTwkedQ==

"@yr/monotone-cubic-spline@^1.0.3":
  version "1.0.3"
  resolved "https://registry.yarnpkg.com/@yr/monotone-cubic-spline/-/monotone-cubic-spline-1.0.3.tgz#7272d89f8e4f6fb7a1600c28c378cc18d3b577b9"
  integrity sha512-FQXkOta0XBSUPHndIKON2Y9JeQz5ZeMqLYZVVK93FliNBFm7LNMIZmY6FrMEB9XPcDbE2bekMbZD6kzDkxwYjA==

apexcharts@^4.0.0:
  version "4.0.0"
  resolved "https://registry.yarnpkg.com/apexcharts/-/apexcharts-4.0.0.tgz#d6dffa10a8330d697eed41868f3f30fbd3ef048e"
  integrity sha512-6G4Zuph04abbUzzroHXkXARk0LwKdBdQQo5+zRebi+sOoj5Q/toj4z6QMB6e6w/FdkeaO1i3NH3LnCv8hcqczw==
  dependencies:
    "@svgdotjs/svg.draggable.js" "^3.0.4"
    "@svgdotjs/svg.filter.js" "^3.0.8"
    "@svgdotjs/svg.js" "^3.2.4"
    "@svgdotjs/svg.resize.js" "^2.0.2"
    "@svgdotjs/svg.select.js" "^4.0.1"
    "@yr/monotone-cubic-spline" "^1.0.3"
